// !$*UTF8*$!
{
	archiveVersion = 1;
	classes = {
	};
	objectVersion = 46;
	objects = {

/* Begin PBXBuildFile section */
		108FE18F1D2425EB004BEC85 /* AppDelegate.swift in Sources */ = {isa = PBXBuildFile; fileRef = 108FE18E1D2425EB004BEC85 /* AppDelegate.swift */; };
		108FE1911D2425EB004BEC85 /* ViewController.swift in Sources */ = {isa = PBXBuildFile; fileRef = 108FE1901D2425EB004BEC85 /* ViewController.swift */; };
		108FE1961D2425EB004BEC85 /* Assets.xcassets in Resources */ = {isa = PBXBuildFile; fileRef = 108FE1951D2425EB004BEC85 /* Assets.xcassets */; };
		108FE1991D2425EB004BEC85 /* LaunchScreen.storyboard in Resources */ = {isa = PBXBuildFile; fileRef = 108FE1971D2425EB004BEC85 /* LaunchScreen.storyboard */; };
		108FE1B11D242ECE004BEC85 /* Cleanse.framework in Frameworks */ = {isa = PBXBuildFile; fileRef = 108FE1AE1D242ECE004BEC85 /* Cleanse.framework */; };
		108FE1B21D242ECE004BEC85 /* Cleanse.framework in Embed Frameworks */ = {isa = PBXBuildFile; fileRef = 108FE1AE1D242ECE004BEC85 /* Cleanse.framework */; settings = {ATTRIBUTES = (CodeSignOnCopy, RemoveHeadersOnCopy, ); }; };
		108FE1B31D242ECE004BEC85 /* ReSwift.framework in Frameworks */ = {isa = PBXBuildFile; fileRef = 108FE1AF1D242ECE004BEC85 /* ReSwift.framework */; };
		108FE1B41D242ECE004BEC85 /* ReSwift.framework in Embed Frameworks */ = {isa = PBXBuildFile; fileRef = 108FE1AF1D242ECE004BEC85 /* ReSwift.framework */; settings = {ATTRIBUTES = (CodeSignOnCopy, RemoveHeadersOnCopy, ); }; };
		108FE1B51D242ECE004BEC85 /* RxSwift.framework in Frameworks */ = {isa = PBXBuildFile; fileRef = 108FE1B01D242ECE004BEC85 /* RxSwift.framework */; };
		108FE1B61D242ECE004BEC85 /* RxSwift.framework in Embed Frameworks */ = {isa = PBXBuildFile; fileRef = 108FE1B01D242ECE004BEC85 /* RxSwift.framework */; settings = {ATTRIBUTES = (CodeSignOnCopy, RemoveHeadersOnCopy, ); }; };
		108FE1BB1D2430BB004BEC85 /* Nimble.framework in Frameworks */ = {isa = PBXBuildFile; fileRef = 108FE1B91D2430BB004BEC85 /* Nimble.framework */; };
		108FE1BC1D2430BB004BEC85 /* Quick.framework in Frameworks */ = {isa = PBXBuildFile; fileRef = 108FE1BA1D2430BB004BEC85 /* Quick.framework */; };
		108FE1BF1D2430F2004BEC85 /* PetPetSpec.swift in Sources */ = {isa = PBXBuildFile; fileRef = 108FE1BE1D2430F2004BEC85 /* PetPetSpec.swift */; };
		108FE1C41D243280004BEC85 /* PetsViewController.swift in Sources */ = {isa = PBXBuildFile; fileRef = 108FE1C31D243280004BEC85 /* PetsViewController.swift */; };
		108FE1C71D243342004BEC85 /* ViewControllerExt.swift in Sources */ = {isa = PBXBuildFile; fileRef = 108FE1C61D243342004BEC85 /* ViewControllerExt.swift */; };
		108FE1CA1D243365004BEC85 /* Functions.swift in Sources */ = {isa = PBXBuildFile; fileRef = 108FE1C91D243365004BEC85 /* Functions.swift */; };
		108FE1CC1D243392004BEC85 /* Identifiable.swift in Sources */ = {isa = PBXBuildFile; fileRef = 108FE1CB1D243392004BEC85 /* Identifiable.swift */; };
		108FE1CF1D243408004BEC85 /* Pets.storyboard in Resources */ = {isa = PBXBuildFile; fileRef = 108FE1CD1D243408004BEC85 /* Pets.storyboard */; };
		108FE1D21D25725B004BEC85 /* State.swift in Sources */ = {isa = PBXBuildFile; fileRef = 108FE1D11D25725B004BEC85 /* State.swift */; };
		108FE1D41D257445004BEC85 /* PetsViewModel.swift in Sources */ = {isa = PBXBuildFile; fileRef = 108FE1D31D257445004BEC85 /* PetsViewModel.swift */; };
		108FE1D81D257832004BEC85 /* StoreModule.swift in Sources */ = {isa = PBXBuildFile; fileRef = 108FE1D71D257832004BEC85 /* StoreModule.swift */; };
		108FE1DA1D2578E0004BEC85 /* Reducer.swift in Sources */ = {isa = PBXBuildFile; fileRef = 108FE1D91D2578E0004BEC85 /* Reducer.swift */; };
		108FE1DD1D257A99004BEC85 /* ReSwiftExt.swift in Sources */ = {isa = PBXBuildFile; fileRef = 108FE1DC1D257A99004BEC85 /* ReSwiftExt.swift */; };
		10ABEAA81D2581C30062B733 /* RxExt.swift in Sources */ = {isa = PBXBuildFile; fileRef = 10ABEAA71D2581C30062B733 /* RxExt.swift */; };
		10ABEAAB1D2582B90062B733 /* PetCell.swift in Sources */ = {isa = PBXBuildFile; fileRef = 10ABEAAA1D2582B90062B733 /* PetCell.swift */; };
		10ABEAAD1D2582FB0062B733 /* Cell.swift in Sources */ = {isa = PBXBuildFile; fileRef = 10ABEAAC1D2582FB0062B733 /* Cell.swift */; };
		10ABEAAF1D2583550062B733 /* PetsHeaderView.swift in Sources */ = {isa = PBXBuildFile; fileRef = 10ABEAAE1D2583550062B733 /* PetsHeaderView.swift */; };
		10ABEAB11D2583830062B733 /* ReusableView.swift in Sources */ = {isa = PBXBuildFile; fileRef = 10ABEAB01D2583830062B733 /* ReusableView.swift */; };
		10ABEAB31D2583E80062B733 /* PetCell.xib in Resources */ = {isa = PBXBuildFile; fileRef = 10ABEAB21D2583E80062B733 /* PetCell.xib */; };
		10ABEAB51D25840B0062B733 /* PetsHeaderView.xib in Resources */ = {isa = PBXBuildFile; fileRef = 10ABEAB41D25840B0062B733 /* PetsHeaderView.xib */; };
		10ABEAB71D2586460062B733 /* RxCocoa.framework in Frameworks */ = {isa = PBXBuildFile; fileRef = 10ABEAB61D2586460062B733 /* RxCocoa.framework */; };
		10ABEAB81D2586460062B733 /* RxCocoa.framework in Embed Frameworks */ = {isa = PBXBuildFile; fileRef = 10ABEAB61D2586460062B733 /* RxCocoa.framework */; settings = {ATTRIBUTES = (CodeSignOnCopy, RemoveHeadersOnCopy, ); }; };
		10ABEABA1D25A25E0062B733 /* Bindable.swift in Sources */ = {isa = PBXBuildFile; fileRef = 10ABEAB91D25A25E0062B733 /* Bindable.swift */; };
		10ABEABC1D25A2B00062B733 /* Replaceable.swift in Sources */ = {isa = PBXBuildFile; fileRef = 10ABEABB1D25A2B00062B733 /* Replaceable.swift */; };
		10ABEABE1D25A2CC0062B733 /* ViewExt.swift in Sources */ = {isa = PBXBuildFile; fileRef = 10ABEABD1D25A2CC0062B733 /* ViewExt.swift */; };
		10ABEAC21D25B6BF0062B733 /* Sections.swift in Sources */ = {isa = PBXBuildFile; fileRef = 10ABEAC11D25B6BF0062B733 /* Sections.swift */; };
		10ABEAC41D25B6C80062B733 /* Section.swift in Sources */ = {isa = PBXBuildFile; fileRef = 10ABEAC31D25B6C80062B733 /* Section.swift */; };
		10ABEAC61D25B7050062B733 /* AdapterType.swift in Sources */ = {isa = PBXBuildFile; fileRef = 10ABEAC51D25B7050062B733 /* AdapterType.swift */; };
		10ABEAC81D25B73E0062B733 /* AdapterProxy.swift in Sources */ = {isa = PBXBuildFile; fileRef = 10ABEAC71D25B73E0062B733 /* AdapterProxy.swift */; };
		10ABEACA1D25B7540062B733 /* StreamAdapter.swift in Sources */ = {isa = PBXBuildFile; fileRef = 10ABEAC91D25B7540062B733 /* StreamAdapter.swift */; };
		10ABEACC1D25B76A0062B733 /* Builder.swift in Sources */ = {isa = PBXBuildFile; fileRef = 10ABEACB1D25B76A0062B733 /* Builder.swift */; };
		10ABEACE1D25B7C70062B733 /* Change.swift in Sources */ = {isa = PBXBuildFile; fileRef = 10ABEACD1D25B7C70062B733 /* Change.swift */; };
		10ABEAD01D25B8850062B733 /* Identifier.swift in Sources */ = {isa = PBXBuildFile; fileRef = 10ABEACF1D25B8850062B733 /* Identifier.swift */; };
		10ABEAD21D25B8BA0062B733 /* CollectionExt.swift in Sources */ = {isa = PBXBuildFile; fileRef = 10ABEAD11D25B8BA0062B733 /* CollectionExt.swift */; };
		10ABEAD41D25BA070062B733 /* Schedulers.swift in Sources */ = {isa = PBXBuildFile; fileRef = 10ABEAD31D25BA070062B733 /* Schedulers.swift */; };
		10ABEAD61D2C07D90062B733 /* Sectionable.swift in Sources */ = {isa = PBXBuildFile; fileRef = 10ABEAD51D2C07D90062B733 /* Sectionable.swift */; };
		10ABEAD81D2C083C0062B733 /* Sizeable.swift in Sources */ = {isa = PBXBuildFile; fileRef = 10ABEAD71D2C083C0062B733 /* Sizeable.swift */; };
		10ABEADB1D2C0F120062B733 /* PetPicView.swift in Sources */ = {isa = PBXBuildFile; fileRef = 10ABEADA1D2C0F120062B733 /* PetPicView.swift */; };
		10ABEADE1D2C0F480062B733 /* PetPicView.xib in Resources */ = {isa = PBXBuildFile; fileRef = 10ABEADC1D2C0F480062B733 /* PetPicView.xib */; };
		10ABEAE11D2C18CE0062B733 /* Alamofire.framework in Frameworks */ = {isa = PBXBuildFile; fileRef = 10ABEADF1D2C18CE0062B733 /* Alamofire.framework */; };
		10ABEAE21D2C18CE0062B733 /* Alamofire.framework in Embed Frameworks */ = {isa = PBXBuildFile; fileRef = 10ABEADF1D2C18CE0062B733 /* Alamofire.framework */; settings = {ATTRIBUTES = (CodeSignOnCopy, RemoveHeadersOnCopy, ); }; };
		10ABEAE31D2C18CE0062B733 /* AlamofireImage.framework in Frameworks */ = {isa = PBXBuildFile; fileRef = 10ABEAE01D2C18CE0062B733 /* AlamofireImage.framework */; };
		10ABEAE41D2C18CE0062B733 /* AlamofireImage.framework in Embed Frameworks */ = {isa = PBXBuildFile; fileRef = 10ABEAE01D2C18CE0062B733 /* AlamofireImage.framework */; settings = {ATTRIBUTES = (CodeSignOnCopy, RemoveHeadersOnCopy, ); }; };
		10E56D071D2C1D9A00370CED /* View.swift in Sources */ = {isa = PBXBuildFile; fileRef = 10E56D061D2C1D9A00370CED /* View.swift */; };
/* End PBXBuildFile section */

/* Begin PBXContainerItemProxy section */
		108FE1A01D2425EB004BEC85 /* PBXContainerItemProxy */ = {
			isa = PBXContainerItemProxy;
			containerPortal = 108FE1831D2425EB004BEC85 /* Project object */;
			proxyType = 1;
			remoteGlobalIDString = 108FE18A1D2425EB004BEC85;
			remoteInfo = PetPet;
		};
/* End PBXContainerItemProxy section */

/* Begin PBXCopyFilesBuildPhase section */
		108FE1B71D242ECE004BEC85 /* Embed Frameworks */ = {
			isa = PBXCopyFilesBuildPhase;
			buildActionMask = 2147483647;
			dstPath = "";
			dstSubfolderSpec = 10;
			files = (
				10ABEAB81D2586460062B733 /* RxCocoa.framework in Embed Frameworks */,
				108FE1B21D242ECE004BEC85 /* Cleanse.framework in Embed Frameworks */,
				108FE1B41D242ECE004BEC85 /* ReSwift.framework in Embed Frameworks */,
				10ABEAE41D2C18CE0062B733 /* AlamofireImage.framework in Embed Frameworks */,
				10ABEAE21D2C18CE0062B733 /* Alamofire.framework in Embed Frameworks */,
				108FE1B61D242ECE004BEC85 /* RxSwift.framework in Embed Frameworks */,
			);
			name = "Embed Frameworks";
			runOnlyForDeploymentPostprocessing = 0;
		};
/* End PBXCopyFilesBuildPhase section */

/* Begin PBXFileReference section */
		108FE18B1D2425EB004BEC85 /* PetPet.app */ = {isa = PBXFileReference; explicitFileType = wrapper.application; includeInIndex = 0; path = PetPet.app; sourceTree = BUILT_PRODUCTS_DIR; };
		108FE18E1D2425EB004BEC85 /* AppDelegate.swift */ = {isa = PBXFileReference; lastKnownFileType = sourcecode.swift; name = AppDelegate.swift; path = PetPet/App/AppDelegate.swift; sourceTree = SOURCE_ROOT; };
		108FE1901D2425EB004BEC85 /* ViewController.swift */ = {isa = PBXFileReference; lastKnownFileType = sourcecode.swift; path = ViewController.swift; sourceTree = "<group>"; };
		108FE1951D2425EB004BEC85 /* Assets.xcassets */ = {isa = PBXFileReference; lastKnownFileType = folder.assetcatalog; path = Assets.xcassets; sourceTree = "<group>"; };
		108FE1981D2425EB004BEC85 /* Base */ = {isa = PBXFileReference; lastKnownFileType = file.storyboard; name = Base; path = Base.lproj/LaunchScreen.storyboard; sourceTree = "<group>"; };
		108FE19A1D2425EB004BEC85 /* Info.plist */ = {isa = PBXFileReference; lastKnownFileType = text.plist.xml; path = Info.plist; sourceTree = "<group>"; };
		108FE19F1D2425EB004BEC85 /* PetPetTests.xctest */ = {isa = PBXFileReference; explicitFileType = wrapper.cfbundle; includeInIndex = 0; path = PetPetTests.xctest; sourceTree = BUILT_PRODUCTS_DIR; };
		108FE1A51D2425EB004BEC85 /* Info.plist */ = {isa = PBXFileReference; lastKnownFileType = text.plist.xml; path = Info.plist; sourceTree = "<group>"; };
		108FE1AE1D242ECE004BEC85 /* Cleanse.framework */ = {isa = PBXFileReference; lastKnownFileType = wrapper.framework; name = Cleanse.framework; path = ../Carthage/Build/iOS/Cleanse.framework; sourceTree = "<group>"; };
		108FE1AF1D242ECE004BEC85 /* ReSwift.framework */ = {isa = PBXFileReference; lastKnownFileType = wrapper.framework; name = ReSwift.framework; path = ../Carthage/Build/iOS/ReSwift.framework; sourceTree = "<group>"; };
		108FE1B01D242ECE004BEC85 /* RxSwift.framework */ = {isa = PBXFileReference; lastKnownFileType = wrapper.framework; name = RxSwift.framework; path = ../Carthage/Build/iOS/RxSwift.framework; sourceTree = "<group>"; };
		108FE1B91D2430BB004BEC85 /* Nimble.framework */ = {isa = PBXFileReference; lastKnownFileType = wrapper.framework; name = Nimble.framework; path = Carthage/Build/iOS/Nimble.framework; sourceTree = "<group>"; };
		108FE1BA1D2430BB004BEC85 /* Quick.framework */ = {isa = PBXFileReference; lastKnownFileType = wrapper.framework; name = Quick.framework; path = Carthage/Build/iOS/Quick.framework; sourceTree = "<group>"; };
		108FE1BE1D2430F2004BEC85 /* PetPetSpec.swift */ = {isa = PBXFileReference; fileEncoding = 4; lastKnownFileType = sourcecode.swift; path = PetPetSpec.swift; sourceTree = "<group>"; };
		108FE1C31D243280004BEC85 /* PetsViewController.swift */ = {isa = PBXFileReference; fileEncoding = 4; lastKnownFileType = sourcecode.swift; path = PetsViewController.swift; sourceTree = "<group>"; };
		108FE1C61D243342004BEC85 /* ViewControllerExt.swift */ = {isa = PBXFileReference; fileEncoding = 4; lastKnownFileType = sourcecode.swift; path = ViewControllerExt.swift; sourceTree = "<group>"; };
		108FE1C91D243365004BEC85 /* Functions.swift */ = {isa = PBXFileReference; fileEncoding = 4; lastKnownFileType = sourcecode.swift; path = Functions.swift; sourceTree = "<group>"; };
		108FE1CB1D243392004BEC85 /* Identifiable.swift */ = {isa = PBXFileReference; fileEncoding = 4; lastKnownFileType = sourcecode.swift; path = Identifiable.swift; sourceTree = "<group>"; };
		108FE1CE1D243408004BEC85 /* Base */ = {isa = PBXFileReference; lastKnownFileType = file.storyboard; name = Base; path = PetPet/Base.lproj/Pets.storyboard; sourceTree = SOURCE_ROOT; };
		108FE1D11D25725B004BEC85 /* State.swift */ = {isa = PBXFileReference; fileEncoding = 4; lastKnownFileType = sourcecode.swift; path = State.swift; sourceTree = "<group>"; };
		108FE1D31D257445004BEC85 /* PetsViewModel.swift */ = {isa = PBXFileReference; fileEncoding = 4; lastKnownFileType = sourcecode.swift; path = PetsViewModel.swift; sourceTree = "<group>"; };
		108FE1D71D257832004BEC85 /* StoreModule.swift */ = {isa = PBXFileReference; fileEncoding = 4; lastKnownFileType = sourcecode.swift; path = StoreModule.swift; sourceTree = "<group>"; };
		108FE1D91D2578E0004BEC85 /* Reducer.swift */ = {isa = PBXFileReference; fileEncoding = 4; lastKnownFileType = sourcecode.swift; path = Reducer.swift; sourceTree = "<group>"; };
		108FE1DC1D257A99004BEC85 /* ReSwiftExt.swift */ = {isa = PBXFileReference; fileEncoding = 4; lastKnownFileType = sourcecode.swift; path = ReSwiftExt.swift; sourceTree = "<group>"; };
		10ABEAA71D2581C30062B733 /* RxExt.swift */ = {isa = PBXFileReference; fileEncoding = 4; lastKnownFileType = sourcecode.swift; path = RxExt.swift; sourceTree = "<group>"; };
		10ABEAAA1D2582B90062B733 /* PetCell.swift */ = {isa = PBXFileReference; fileEncoding = 4; lastKnownFileType = sourcecode.swift; path = PetCell.swift; sourceTree = "<group>"; };
		10ABEAAC1D2582FB0062B733 /* Cell.swift */ = {isa = PBXFileReference; fileEncoding = 4; lastKnownFileType = sourcecode.swift; path = Cell.swift; sourceTree = "<group>"; };
		10ABEAAE1D2583550062B733 /* PetsHeaderView.swift */ = {isa = PBXFileReference; fileEncoding = 4; lastKnownFileType = sourcecode.swift; path = PetsHeaderView.swift; sourceTree = "<group>"; };
		10ABEAB01D2583830062B733 /* ReusableView.swift */ = {isa = PBXFileReference; fileEncoding = 4; lastKnownFileType = sourcecode.swift; path = ReusableView.swift; sourceTree = "<group>"; };
		10ABEAB21D2583E80062B733 /* PetCell.xib */ = {isa = PBXFileReference; fileEncoding = 4; lastKnownFileType = file.xib; name = PetCell.xib; path = ../../../Base.lproj/PetCell.xib; sourceTree = "<group>"; };
		10ABEAB41D25840B0062B733 /* PetsHeaderView.xib */ = {isa = PBXFileReference; fileEncoding = 4; lastKnownFileType = file.xib; name = PetsHeaderView.xib; path = ../../../Base.lproj/PetsHeaderView.xib; sourceTree = "<group>"; };
		10ABEAB61D2586460062B733 /* RxCocoa.framework */ = {isa = PBXFileReference; lastKnownFileType = wrapper.framework; name = RxCocoa.framework; path = ../Carthage/Build/iOS/RxCocoa.framework; sourceTree = "<group>"; };
		10ABEAB91D25A25E0062B733 /* Bindable.swift */ = {isa = PBXFileReference; fileEncoding = 4; lastKnownFileType = sourcecode.swift; path = Bindable.swift; sourceTree = "<group>"; };
		10ABEABB1D25A2B00062B733 /* Replaceable.swift */ = {isa = PBXFileReference; fileEncoding = 4; lastKnownFileType = sourcecode.swift; path = Replaceable.swift; sourceTree = "<group>"; };
		10ABEABD1D25A2CC0062B733 /* ViewExt.swift */ = {isa = PBXFileReference; fileEncoding = 4; lastKnownFileType = sourcecode.swift; path = ViewExt.swift; sourceTree = "<group>"; };
		10ABEAC11D25B6BF0062B733 /* Sections.swift */ = {isa = PBXFileReference; fileEncoding = 4; lastKnownFileType = sourcecode.swift; path = Sections.swift; sourceTree = "<group>"; };
		10ABEAC31D25B6C80062B733 /* Section.swift */ = {isa = PBXFileReference; fileEncoding = 4; lastKnownFileType = sourcecode.swift; path = Section.swift; sourceTree = "<group>"; };
		10ABEAC51D25B7050062B733 /* AdapterType.swift */ = {isa = PBXFileReference; fileEncoding = 4; lastKnownFileType = sourcecode.swift; path = AdapterType.swift; sourceTree = "<group>"; };
		10ABEAC71D25B73E0062B733 /* AdapterProxy.swift */ = {isa = PBXFileReference; fileEncoding = 4; lastKnownFileType = sourcecode.swift; path = AdapterProxy.swift; sourceTree = "<group>"; };
		10ABEAC91D25B7540062B733 /* StreamAdapter.swift */ = {isa = PBXFileReference; fileEncoding = 4; lastKnownFileType = sourcecode.swift; path = StreamAdapter.swift; sourceTree = "<group>"; };
		10ABEACB1D25B76A0062B733 /* Builder.swift */ = {isa = PBXFileReference; fileEncoding = 4; lastKnownFileType = sourcecode.swift; path = Builder.swift; sourceTree = "<group>"; };
		10ABEACD1D25B7C70062B733 /* Change.swift */ = {isa = PBXFileReference; fileEncoding = 4; lastKnownFileType = sourcecode.swift; path = Change.swift; sourceTree = "<group>"; };
		10ABEACF1D25B8850062B733 /* Identifier.swift */ = {isa = PBXFileReference; fileEncoding = 4; lastKnownFileType = sourcecode.swift; path = Identifier.swift; sourceTree = "<group>"; };
		10ABEAD11D25B8BA0062B733 /* CollectionExt.swift */ = {isa = PBXFileReference; fileEncoding = 4; lastKnownFileType = sourcecode.swift; path = CollectionExt.swift; sourceTree = "<group>"; };
		10ABEAD31D25BA070062B733 /* Schedulers.swift */ = {isa = PBXFileReference; fileEncoding = 4; lastKnownFileType = sourcecode.swift; path = Schedulers.swift; sourceTree = "<group>"; };
		10ABEAD51D2C07D90062B733 /* Sectionable.swift */ = {isa = PBXFileReference; fileEncoding = 4; lastKnownFileType = sourcecode.swift; path = Sectionable.swift; sourceTree = "<group>"; };
		10ABEAD71D2C083C0062B733 /* Sizeable.swift */ = {isa = PBXFileReference; fileEncoding = 4; lastKnownFileType = sourcecode.swift; path = Sizeable.swift; sourceTree = "<group>"; };
		10ABEADA1D2C0F120062B733 /* PetPicView.swift */ = {isa = PBXFileReference; fileEncoding = 4; lastKnownFileType = sourcecode.swift; path = PetPicView.swift; sourceTree = "<group>"; };
		10ABEADD1D2C0F480062B733 /* Base */ = {isa = PBXFileReference; lastKnownFileType = file.xib; name = Base; path = PetPet/Base.lproj/PetPicView.xib; sourceTree = SOURCE_ROOT; };
		10ABEADF1D2C18CE0062B733 /* Alamofire.framework */ = {isa = PBXFileReference; lastKnownFileType = wrapper.framework; name = Alamofire.framework; path = ../Carthage/Build/iOS/Alamofire.framework; sourceTree = "<group>"; };
		10ABEAE01D2C18CE0062B733 /* AlamofireImage.framework */ = {isa = PBXFileReference; lastKnownFileType = wrapper.framework; name = AlamofireImage.framework; path = ../Carthage/Build/iOS/AlamofireImage.framework; sourceTree = "<group>"; };
		10E56D061D2C1D9A00370CED /* View.swift */ = {isa = PBXFileReference; fileEncoding = 4; lastKnownFileType = sourcecode.swift; path = View.swift; sourceTree = "<group>"; };
/* End PBXFileReference section */

/* Begin PBXFrameworksBuildPhase section */
		108FE1881D2425EB004BEC85 /* Frameworks */ = {
			isa = PBXFrameworksBuildPhase;
			buildActionMask = 2147483647;
			files = (
				108FE1B11D242ECE004BEC85 /* Cleanse.framework in Frameworks */,
				108FE1B31D242ECE004BEC85 /* ReSwift.framework in Frameworks */,
				108FE1B51D242ECE004BEC85 /* RxSwift.framework in Frameworks */,
				10ABEAE31D2C18CE0062B733 /* AlamofireImage.framework in Frameworks */,
				10ABEAE11D2C18CE0062B733 /* Alamofire.framework in Frameworks */,
				10ABEAB71D2586460062B733 /* RxCocoa.framework in Frameworks */,
			);
			runOnlyForDeploymentPostprocessing = 0;
		};
		108FE19C1D2425EB004BEC85 /* Frameworks */ = {
			isa = PBXFrameworksBuildPhase;
			buildActionMask = 2147483647;
			files = (
				108FE1BB1D2430BB004BEC85 /* Nimble.framework in Frameworks */,
				108FE1BC1D2430BB004BEC85 /* Quick.framework in Frameworks */,
			);
			runOnlyForDeploymentPostprocessing = 0;
		};
/* End PBXFrameworksBuildPhase section */

/* Begin PBXGroup section */
		108FE1821D2425EB004BEC85 = {
			isa = PBXGroup;
			children = (
				108FE18D1D2425EB004BEC85 /* PetPet */,
				108FE1A21D2425EB004BEC85 /* PetPetTests */,
				108FE18C1D2425EB004BEC85 /* Products */,
			);
			sourceTree = "<group>";
		};
		108FE18C1D2425EB004BEC85 /* Products */ = {
			isa = PBXGroup;
			children = (
				108FE18B1D2425EB004BEC85 /* PetPet.app */,
				108FE19F1D2425EB004BEC85 /* PetPetTests.xctest */,
			);
			name = Products;
			sourceTree = "<group>";
		};
		108FE18D1D2425EB004BEC85 /* PetPet */ = {
			isa = PBXGroup;
			children = (
				108FE1C01D2431F6004BEC85 /* App */,
				108FE1951D2425EB004BEC85 /* Assets.xcassets */,
				108FE1971D2425EB004BEC85 /* LaunchScreen.storyboard */,
				108FE19A1D2425EB004BEC85 /* Info.plist */,
				108FE1B81D242ED2004BEC85 /* Frameworks */,
			);
			path = PetPet;
			sourceTree = "<group>";
		};
		108FE1A21D2425EB004BEC85 /* PetPetTests */ = {
			isa = PBXGroup;
			children = (
				108FE1BE1D2430F2004BEC85 /* PetPetSpec.swift */,
				108FE1A51D2425EB004BEC85 /* Info.plist */,
				108FE1BD1D2430C2004BEC85 /* Frameworks */,
			);
			path = PetPetTests;
			sourceTree = "<group>";
		};
		108FE1B81D242ED2004BEC85 /* Frameworks */ = {
			isa = PBXGroup;
			children = (
				10ABEADF1D2C18CE0062B733 /* Alamofire.framework */,
				10ABEAE01D2C18CE0062B733 /* AlamofireImage.framework */,
				108FE1AE1D242ECE004BEC85 /* Cleanse.framework */,
				108FE1AF1D242ECE004BEC85 /* ReSwift.framework */,
				108FE1B01D242ECE004BEC85 /* RxSwift.framework */,
				10ABEAB61D2586460062B733 /* RxCocoa.framework */,
			);
			name = Frameworks;
			sourceTree = "<group>";
		};
		108FE1BD1D2430C2004BEC85 /* Frameworks */ = {
			isa = PBXGroup;
			children = (
				108FE1B91D2430BB004BEC85 /* Nimble.framework */,
				108FE1BA1D2430BB004BEC85 /* Quick.framework */,
			);
			name = Frameworks;
			path = ..;
			sourceTree = "<group>";
		};
		108FE1C01D2431F6004BEC85 /* App */ = {
			isa = PBXGroup;
			children = (
				108FE18E1D2425EB004BEC85 /* AppDelegate.swift */,
				108FE1C11D243206004BEC85 /* Core */,
				108FE1D01D2571BA004BEC85 /* State */,
				108FE1C21D243262004BEC85 /* Pets */,
				108FE1C51D2432B4004BEC85 /* Support */,
			);
			path = App;
			sourceTree = "<group>";
		};
		108FE1C11D243206004BEC85 /* Core */ = {
			isa = PBXGroup;
			children = (
				108FE1901D2425EB004BEC85 /* ViewController.swift */,
				10ABEAAC1D2582FB0062B733 /* Cell.swift */,
				10ABEAB01D2583830062B733 /* ReusableView.swift */,
				10E56D061D2C1D9A00370CED /* View.swift */,
			);
			path = Core;
			sourceTree = "<group>";
		};
		108FE1C21D243262004BEC85 /* Pets */ = {
			isa = PBXGroup;
			children = (
				108FE1CD1D243408004BEC85 /* Pets.storyboard */,
				108FE1C31D243280004BEC85 /* PetsViewController.swift */,
				108FE1D31D257445004BEC85 /* PetsViewModel.swift */,
				10ABEAA91D2582940062B733 /* Subviews */,
			);
			path = Pets;
			sourceTree = "<group>";
		};
		108FE1C51D2432B4004BEC85 /* Support */ = {
			isa = PBXGroup;
			children = (
				108FE1C91D243365004BEC85 /* Functions.swift */,
				10ABEAB91D25A25E0062B733 /* Bindable.swift */,
				108FE1CB1D243392004BEC85 /* Identifiable.swift */,
				10ABEABB1D25A2B00062B733 /* Replaceable.swift */,
				10ABEAD71D2C083C0062B733 /* Sizeable.swift */,
				10ABEACF1D25B8850062B733 /* Identifier.swift */,
				10ABEACD1D25B7C70062B733 /* Change.swift */,
				10ABEAD31D25BA070062B733 /* Schedulers.swift */,
				10ABEAD91D2C0ED20062B733 /* Views */,
				10ABEAC01D25B69D0062B733 /* Sections */,
				108FE1DB1D257A6A004BEC85 /* Extensions */,
			);
			path = Support;
			sourceTree = "<group>";
		};
		108FE1C81D24334A004BEC85 /* Cocoa */ = {
			isa = PBXGroup;
			children = (
				10ABEABD1D25A2CC0062B733 /* ViewExt.swift */,
				108FE1C61D243342004BEC85 /* ViewControllerExt.swift */,
			);
			name = Cocoa;
			sourceTree = "<group>";
		};
		108FE1D01D2571BA004BEC85 /* State */ = {
			isa = PBXGroup;
			children = (
				108FE1D11D25725B004BEC85 /* State.swift */,
				108FE1D71D257832004BEC85 /* StoreModule.swift */,
				108FE1D91D2578E0004BEC85 /* Reducer.swift */,
			);
			name = State;
			sourceTree = "<group>";
		};
		108FE1DB1D257A6A004BEC85 /* Extensions */ = {
			isa = PBXGroup;
			children = (
				10ABEAA71D2581C30062B733 /* RxExt.swift */,
				108FE1DC1D257A99004BEC85 /* ReSwiftExt.swift */,
				10ABEAD11D25B8BA0062B733 /* CollectionExt.swift */,
				108FE1C81D24334A004BEC85 /* Cocoa */,
			);
			path = Extensions;
			sourceTree = "<group>";
		};
		10ABEAA91D2582940062B733 /* Subviews */ = {
			isa = PBXGroup;
			children = (
				10ABEAB21D2583E80062B733 /* PetCell.xib */,
				10ABEAAA1D2582B90062B733 /* PetCell.swift */,
				10ABEAB41D25840B0062B733 /* PetsHeaderView.xib */,
				10ABEAAE1D2583550062B733 /* PetsHeaderView.swift */,
			);
			path = Subviews;
			sourceTree = "<group>";
		};
		10ABEAC01D25B69D0062B733 /* Sections */ = {
			isa = PBXGroup;
			children = (
				10ABEACB1D25B76A0062B733 /* Builder.swift */,
				10ABEAD51D2C07D90062B733 /* Sectionable.swift */,
				10ABEAC11D25B6BF0062B733 /* Sections.swift */,
				10ABEAC31D25B6C80062B733 /* Section.swift */,
				10ABEAC51D25B7050062B733 /* AdapterType.swift */,
				10ABEAC71D25B73E0062B733 /* AdapterProxy.swift */,
				10ABEAC91D25B7540062B733 /* StreamAdapter.swift */,
			);
			path = Sections;
			sourceTree = "<group>";
		};
		10ABEAD91D2C0ED20062B733 /* Views */ = {
			isa = PBXGroup;
			children = (
				10ABEADC1D2C0F480062B733 /* PetPicView.xib */,
				10ABEADA1D2C0F120062B733 /* PetPicView.swift */,
			);
			path = Views;
			sourceTree = "<group>";
		};
/* End PBXGroup section */

/* Begin PBXNativeTarget section */
		108FE18A1D2425EB004BEC85 /* PetPet */ = {
			isa = PBXNativeTarget;
			buildConfigurationList = 108FE1A81D2425EB004BEC85 /* Build configuration list for PBXNativeTarget "PetPet" */;
			buildPhases = (
				108FE1871D2425EB004BEC85 /* Sources */,
				108FE1881D2425EB004BEC85 /* Frameworks */,
				108FE1891D2425EB004BEC85 /* Resources */,
				108FE1B71D242ECE004BEC85 /* Embed Frameworks */,
			);
			buildRules = (
			);
			dependencies = (
			);
			name = PetPet;
			productName = PetPet;
			productReference = 108FE18B1D2425EB004BEC85 /* PetPet.app */;
			productType = "com.apple.product-type.application";
		};
		108FE19E1D2425EB004BEC85 /* PetPetTests */ = {
			isa = PBXNativeTarget;
			buildConfigurationList = 108FE1AB1D2425EB004BEC85 /* Build configuration list for PBXNativeTarget "PetPetTests" */;
			buildPhases = (
				108FE19B1D2425EB004BEC85 /* Sources */,
				108FE19C1D2425EB004BEC85 /* Frameworks */,
				108FE19D1D2425EB004BEC85 /* Resources */,
			);
			buildRules = (
			);
			dependencies = (
				108FE1A11D2425EB004BEC85 /* PBXTargetDependency */,
			);
			name = PetPetTests;
			productName = PetPetTests;
			productReference = 108FE19F1D2425EB004BEC85 /* PetPetTests.xctest */;
			productType = "com.apple.product-type.bundle.unit-test";
		};
/* End PBXNativeTarget section */

/* Begin PBXProject section */
		108FE1831D2425EB004BEC85 /* Project object */ = {
			isa = PBXProject;
			attributes = {
				LastSwiftUpdateCheck = 0730;
				LastUpgradeCheck = 0730;
				ORGANIZATIONNAME = "Pet Pet";
				TargetAttributes = {
					108FE18A1D2425EB004BEC85 = {
						CreatedOnToolsVersion = 7.3.1;
					};
					108FE19E1D2425EB004BEC85 = {
						CreatedOnToolsVersion = 7.3.1;
						TestTargetID = 108FE18A1D2425EB004BEC85;
					};
				};
			};
			buildConfigurationList = 108FE1861D2425EB004BEC85 /* Build configuration list for PBXProject "PetPet" */;
			compatibilityVersion = "Xcode 3.2";
			developmentRegion = English;
			hasScannedForEncodings = 0;
			knownRegions = (
				en,
				Base,
			);
			mainGroup = 108FE1821D2425EB004BEC85;
			productRefGroup = 108FE18C1D2425EB004BEC85 /* Products */;
			projectDirPath = "";
			projectRoot = "";
			targets = (
				108FE18A1D2425EB004BEC85 /* PetPet */,
				108FE19E1D2425EB004BEC85 /* PetPetTests */,
			);
		};
/* End PBXProject section */

/* Begin PBXResourcesBuildPhase section */
		108FE1891D2425EB004BEC85 /* Resources */ = {
			isa = PBXResourcesBuildPhase;
			buildActionMask = 2147483647;
			files = (
				108FE1991D2425EB004BEC85 /* LaunchScreen.storyboard in Resources */,
				10ABEADE1D2C0F480062B733 /* PetPicView.xib in Resources */,
				10ABEAB51D25840B0062B733 /* PetsHeaderView.xib in Resources */,
				10ABEAB31D2583E80062B733 /* PetCell.xib in Resources */,
				108FE1961D2425EB004BEC85 /* Assets.xcassets in Resources */,
				108FE1CF1D243408004BEC85 /* Pets.storyboard in Resources */,
			);
			runOnlyForDeploymentPostprocessing = 0;
		};
		108FE19D1D2425EB004BEC85 /* Resources */ = {
			isa = PBXResourcesBuildPhase;
			buildActionMask = 2147483647;
			files = (
			);
			runOnlyForDeploymentPostprocessing = 0;
		};
/* End PBXResourcesBuildPhase section */

/* Begin PBXSourcesBuildPhase section */
		108FE1871D2425EB004BEC85 /* Sources */ = {
			isa = PBXSourcesBuildPhase;
			buildActionMask = 2147483647;
			files = (
				10ABEAC61D25B7050062B733 /* AdapterType.swift in Sources */,
				108FE1911D2425EB004BEC85 /* ViewController.swift in Sources */,
				108FE1CC1D243392004BEC85 /* Identifiable.swift in Sources */,
				10ABEAAB1D2582B90062B733 /* PetCell.swift in Sources */,
				10ABEAC41D25B6C80062B733 /* Section.swift in Sources */,
				108FE1C41D243280004BEC85 /* PetsViewController.swift in Sources */,
				108FE1C71D243342004BEC85 /* ViewControllerExt.swift in Sources */,
				10ABEAC21D25B6BF0062B733 /* Sections.swift in Sources */,
				10ABEAB11D2583830062B733 /* ReusableView.swift in Sources */,
				10ABEABC1D25A2B00062B733 /* Replaceable.swift in Sources */,
				10ABEAD01D25B8850062B733 /* Identifier.swift in Sources */,
				10ABEAD61D2C07D90062B733 /* Sectionable.swift in Sources */,
				10ABEABA1D25A25E0062B733 /* Bindable.swift in Sources */,
				10ABEACA1D25B7540062B733 /* StreamAdapter.swift in Sources */,
				10ABEAD81D2C083C0062B733 /* Sizeable.swift in Sources */,
				10ABEADB1D2C0F120062B733 /* PetPicView.swift in Sources */,
				10ABEACC1D25B76A0062B733 /* Builder.swift in Sources */,
				10ABEAD41D25BA070062B733 /* Schedulers.swift in Sources */,
				108FE1CA1D243365004BEC85 /* Functions.swift in Sources */,
				10ABEABE1D25A2CC0062B733 /* ViewExt.swift in Sources */,
				10E56D071D2C1D9A00370CED /* View.swift in Sources */,
				10ABEAA81D2581C30062B733 /* RxExt.swift in Sources */,
				108FE1D21D25725B004BEC85 /* State.swift in Sources */,
				10ABEACE1D25B7C70062B733 /* Change.swift in Sources */,
				10ABEAD21D25B8BA0062B733 /* CollectionExt.swift in Sources */,
				10ABEAC81D25B73E0062B733 /* AdapterProxy.swift in Sources */,
				108FE1D41D257445004BEC85 /* PetsViewModel.swift in Sources */,
				10ABEAAD1D2582FB0062B733 /* Cell.swift in Sources */,
				108FE1D81D257832004BEC85 /* StoreModule.swift in Sources */,
				108FE1DD1D257A99004BEC85 /* ReSwiftExt.swift in Sources */,
				108FE1DA1D2578E0004BEC85 /* Reducer.swift in Sources */,
				108FE18F1D2425EB004BEC85 /* AppDelegate.swift in Sources */,
				10ABEAAF1D2583550062B733 /* PetsHeaderView.swift in Sources */,
			);
			runOnlyForDeploymentPostprocessing = 0;
		};
		108FE19B1D2425EB004BEC85 /* Sources */ = {
			isa = PBXSourcesBuildPhase;
			buildActionMask = 2147483647;
			files = (
				108FE1BF1D2430F2004BEC85 /* PetPetSpec.swift in Sources */,
			);
			runOnlyForDeploymentPostprocessing = 0;
		};
/* End PBXSourcesBuildPhase section */

/* Begin PBXTargetDependency section */
		108FE1A11D2425EB004BEC85 /* PBXTargetDependency */ = {
			isa = PBXTargetDependency;
			target = 108FE18A1D2425EB004BEC85 /* PetPet */;
			targetProxy = 108FE1A01D2425EB004BEC85 /* PBXContainerItemProxy */;
		};
/* End PBXTargetDependency section */

/* Begin PBXVariantGroup section */
		108FE1971D2425EB004BEC85 /* LaunchScreen.storyboard */ = {
			isa = PBXVariantGroup;
			children = (
				108FE1981D2425EB004BEC85 /* Base */,
			);
			name = LaunchScreen.storyboard;
			sourceTree = "<group>";
		};
		108FE1CD1D243408004BEC85 /* Pets.storyboard */ = {
			isa = PBXVariantGroup;
			children = (
				108FE1CE1D243408004BEC85 /* Base */,
			);
			name = Pets.storyboard;
			sourceTree = "<group>";
		};
		10ABEADC1D2C0F480062B733 /* PetPicView.xib */ = {
			isa = PBXVariantGroup;
			children = (
				10ABEADD1D2C0F480062B733 /* Base */,
			);
			name = PetPicView.xib;
			sourceTree = "<group>";
		};
/* End PBXVariantGroup section */

/* Begin XCBuildConfiguration section */
		108FE1A61D2425EB004BEC85 /* Debug */ = {
			isa = XCBuildConfiguration;
			buildSettings = {
				ALWAYS_SEARCH_USER_PATHS = NO;
				CLANG_ANALYZER_NONNULL = YES;
				CLANG_CXX_LANGUAGE_STANDARD = "gnu++0x";
				CLANG_CXX_LIBRARY = "libc++";
				CLANG_ENABLE_MODULES = YES;
				CLANG_ENABLE_OBJC_ARC = YES;
				CLANG_WARN_BOOL_CONVERSION = YES;
				CLANG_WARN_CONSTANT_CONVERSION = YES;
				CLANG_WARN_DIRECT_OBJC_ISA_USAGE = YES_ERROR;
				CLANG_WARN_EMPTY_BODY = YES;
				CLANG_WARN_ENUM_CONVERSION = YES;
				CLANG_WARN_INT_CONVERSION = YES;
				CLANG_WARN_OBJC_ROOT_CLASS = YES_ERROR;
				CLANG_WARN_UNREACHABLE_CODE = YES;
				CLANG_WARN__DUPLICATE_METHOD_MATCH = YES;
				"CODE_SIGN_IDENTITY[sdk=iphoneos*]" = "iPhone Developer";
				COPY_PHASE_STRIP = NO;
				DEBUG_INFORMATION_FORMAT = dwarf;
				ENABLE_STRICT_OBJC_MSGSEND = YES;
				ENABLE_TESTABILITY = YES;
				GCC_C_LANGUAGE_STANDARD = gnu99;
				GCC_DYNAMIC_NO_PIC = NO;
				GCC_NO_COMMON_BLOCKS = YES;
				GCC_OPTIMIZATION_LEVEL = 0;
				GCC_PREPROCESSOR_DEFINITIONS = (
					"DEBUG=1",
					"$(inherited)",
				);
				GCC_WARN_64_TO_32_BIT_CONVERSION = YES;
				GCC_WARN_ABOUT_RETURN_TYPE = YES_ERROR;
				GCC_WARN_UNDECLARED_SELECTOR = YES;
				GCC_WARN_UNINITIALIZED_AUTOS = YES_AGGRESSIVE;
				GCC_WARN_UNUSED_FUNCTION = YES;
				GCC_WARN_UNUSED_VARIABLE = YES;
				IPHONEOS_DEPLOYMENT_TARGET = 9.3;
				MTL_ENABLE_DEBUG_INFO = YES;
				ONLY_ACTIVE_ARCH = YES;
				SDKROOT = iphoneos;
				SWIFT_OPTIMIZATION_LEVEL = "-Onone";
			};
			name = Debug;
		};
		108FE1A71D2425EB004BEC85 /* Release */ = {
			isa = XCBuildConfiguration;
			buildSettings = {
				ALWAYS_SEARCH_USER_PATHS = NO;
				CLANG_ANALYZER_NONNULL = YES;
				CLANG_CXX_LANGUAGE_STANDARD = "gnu++0x";
				CLANG_CXX_LIBRARY = "libc++";
				CLANG_ENABLE_MODULES = YES;
				CLANG_ENABLE_OBJC_ARC = YES;
				CLANG_WARN_BOOL_CONVERSION = YES;
				CLANG_WARN_CONSTANT_CONVERSION = YES;
				CLANG_WARN_DIRECT_OBJC_ISA_USAGE = YES_ERROR;
				CLANG_WARN_EMPTY_BODY = YES;
				CLANG_WARN_ENUM_CONVERSION = YES;
				CLANG_WARN_INT_CONVERSION = YES;
				CLANG_WARN_OBJC_ROOT_CLASS = YES_ERROR;
				CLANG_WARN_UNREACHABLE_CODE = YES;
				CLANG_WARN__DUPLICATE_METHOD_MATCH = YES;
				"CODE_SIGN_IDENTITY[sdk=iphoneos*]" = "iPhone Developer";
				COPY_PHASE_STRIP = NO;
				DEBUG_INFORMATION_FORMAT = "dwarf-with-dsym";
				ENABLE_NS_ASSERTIONS = NO;
				ENABLE_STRICT_OBJC_MSGSEND = YES;
				GCC_C_LANGUAGE_STANDARD = gnu99;
				GCC_NO_COMMON_BLOCKS = YES;
				GCC_WARN_64_TO_32_BIT_CONVERSION = YES;
				GCC_WARN_ABOUT_RETURN_TYPE = YES_ERROR;
				GCC_WARN_UNDECLARED_SELECTOR = YES;
				GCC_WARN_UNINITIALIZED_AUTOS = YES_AGGRESSIVE;
				GCC_WARN_UNUSED_FUNCTION = YES;
				GCC_WARN_UNUSED_VARIABLE = YES;
				IPHONEOS_DEPLOYMENT_TARGET = 9.3;
				MTL_ENABLE_DEBUG_INFO = NO;
				SDKROOT = iphoneos;
				VALIDATE_PRODUCT = YES;
			};
			name = Release;
		};
		108FE1A91D2425EB004BEC85 /* Debug */ = {
			isa = XCBuildConfiguration;
			buildSettings = {
				ASSETCATALOG_COMPILER_APPICON_NAME = AppIcon;
				FRAMEWORK_SEARCH_PATHS = (
					"$(inherited)",
					"$(PROJECT_DIR)/Carthage/Build/iOS",
				);
				INFOPLIST_FILE = PetPet/Info.plist;
				LD_RUNPATH_SEARCH_PATHS = "$(inherited) @executable_path/Frameworks";
				PRODUCT_BUNDLE_IDENTIFIER = com.petpet.PetPet;
				PRODUCT_NAME = "$(TARGET_NAME)";
			};
			name = Debug;
		};
		108FE1AA1D2425EB004BEC85 /* Release */ = {
			isa = XCBuildConfiguration;
			buildSettings = {
				ASSETCATALOG_COMPILER_APPICON_NAME = AppIcon;
				FRAMEWORK_SEARCH_PATHS = (
					"$(inherited)",
					"$(PROJECT_DIR)/Carthage/Build/iOS",
				);
				INFOPLIST_FILE = PetPet/Info.plist;
				LD_RUNPATH_SEARCH_PATHS = "$(inherited) @executable_path/Frameworks";
				PRODUCT_BUNDLE_IDENTIFIER = com.petpet.PetPet;
				PRODUCT_NAME = "$(TARGET_NAME)";
			};
			name = Release;
		};
		108FE1AC1D2425EB004BEC85 /* Debug */ = {
			isa = XCBuildConfiguration;
			buildSettings = {
				BUNDLE_LOADER = "$(TEST_HOST)";
				CLANG_ENABLE_MODULES = YES;
				FRAMEWORK_SEARCH_PATHS = (
					"$(inherited)",
					"$(PROJECT_DIR)/Carthage/Build/iOS",
				);
				INFOPLIST_FILE = PetPetTests/Info.plist;
				LD_RUNPATH_SEARCH_PATHS = "$(inherited) @executable_path/Frameworks @loader_path/Frameworks";
				PRODUCT_BUNDLE_IDENTIFIER = com.petpet.PetPetTests;
				PRODUCT_NAME = "$(TARGET_NAME)";
				SWIFT_OPTIMIZATION_LEVEL = "-Onone";
				TEST_HOST = "$(BUILT_PRODUCTS_DIR)/PetPet.app/PetPet";
			};
			name = Debug;
		};
		108FE1AD1D2425EB004BEC85 /* Release */ = {
			isa = XCBuildConfiguration;
			buildSettings = {
				BUNDLE_LOADER = "$(TEST_HOST)";
				CLANG_ENABLE_MODULES = YES;
				FRAMEWORK_SEARCH_PATHS = (
					"$(inherited)",
					"$(PROJECT_DIR)/Carthage/Build/iOS",
				);
				INFOPLIST_FILE = PetPetTests/Info.plist;
				LD_RUNPATH_SEARCH_PATHS = "$(inherited) @executable_path/Frameworks @loader_path/Frameworks";
				PRODUCT_BUNDLE_IDENTIFIER = com.petpet.PetPetTests;
				PRODUCT_NAME = "$(TARGET_NAME)";
				TEST_HOST = "$(BUILT_PRODUCTS_DIR)/PetPet.app/PetPet";
			};
			name = Release;
		};
/* End XCBuildConfiguration section */

/* Begin XCConfigurationList section */
		108FE1861D2425EB004BEC85 /* Build configuration list for PBXProject "PetPet" */ = {
			isa = XCConfigurationList;
			buildConfigurations = (
				108FE1A61D2425EB004BEC85 /* Debug */,
				108FE1A71D2425EB004BEC85 /* Release */,
			);
			defaultConfigurationIsVisible = 0;
			defaultConfigurationName = Release;
		};
		108FE1A81D2425EB004BEC85 /* Build configuration list for PBXNativeTarget "PetPet" */ = {
			isa = XCConfigurationList;
			buildConfigurations = (
				108FE1A91D2425EB004BEC85 /* Debug */,
				108FE1AA1D2425EB004BEC85 /* Release */,
			);
			defaultConfigurationIsVisible = 0;
			defaultConfigurationName = Release;
		};
		108FE1AB1D2425EB004BEC85 /* Build configuration list for PBXNativeTarget "PetPetTests" */ = {
			isa = XCConfigurationList;
			buildConfigurations = (
				108FE1AC1D2425EB004BEC85 /* Debug */,
				108FE1AD1D2425EB004BEC85 /* Release */,
			);
			defaultConfigurationIsVisible = 0;
			defaultConfigurationName = Release;
		};
/* End XCConfigurationList section */
	};
	rootObject = 108FE1831D2425EB004BEC85 /* Project object */;
}
